// !$*UTF8*$!
{
	archiveVersion = 1;
	classes = {
	};
	objectVersion = 56;
	objects = {

/* Begin PBXBuildFile section */
		455B4CC42A09705E0006AED5 /* SocialSignInButtonsView.swift in Sources */ = {isa = PBXBuildFile; fileRef = 455B4CC32A09705E0006AED5 /* SocialSignInButtonsView.swift */; };
		455B4CC62A0971940006AED5 /* SocialSignInStatusView.swift in Sources */ = {isa = PBXBuildFile; fileRef = 455B4CC52A0971940006AED5 /* SocialSignInStatusView.swift */; };
		4560F19429EEFD4E0002F341 /* Assets.xcassets in Resources */ = {isa = PBXBuildFile; fileRef = 4560F19329EEFD4E0002F341 /* Assets.xcassets */; };
		4560F19829EEFD4E0002F341 /* Preview Assets.xcassets in Resources */ = {isa = PBXBuildFile; fileRef = 4560F19729EEFD4E0002F341 /* Preview Assets.xcassets */; };
		4560F1A229EEFD4E0002F341 /* SocialAuthenticationExampleTests.swift in Sources */ = {isa = PBXBuildFile; fileRef = 4560F1A129EEFD4E0002F341 /* SocialAuthenticationExampleTests.swift */; };
		4560F1AC29EEFD4E0002F341 /* SocialAuthenticationExampleUITests.swift in Sources */ = {isa = PBXBuildFile; fileRef = 4560F1AB29EEFD4E0002F341 /* SocialAuthenticationExampleUITests.swift */; };
		4560F1AE29EEFD4E0002F341 /* SocialAuthenticationExampleUITestsLaunchTests.swift in Sources */ = {isa = PBXBuildFile; fileRef = 4560F1AD29EEFD4E0002F341 /* SocialAuthenticationExampleUITestsLaunchTests.swift */; };
		45613D1429EEFDD8005BF287 /* AppDelegate.swift in Sources */ = {isa = PBXBuildFile; fileRef = 45613D1329EEFDD8005BF287 /* AppDelegate.swift */; };
		45613D1A29EEFEA0005BF287 /* SignInWithSocialView.swift in Sources */ = {isa = PBXBuildFile; fileRef = 45613D1929EEFEA0005BF287 /* SignInWithSocialView.swift */; };
		45613D1C29EEFED5005BF287 /* SignInWithSocialViewModel.swift in Sources */ = {isa = PBXBuildFile; fileRef = 45613D1B29EEFED5005BF287 /* SignInWithSocialViewModel.swift */; };
		45613D2029EEFFDE005BF287 /* LaunchScreen.storyboard in Resources */ = {isa = PBXBuildFile; fileRef = 45613D1F29EEFFDE005BF287 /* LaunchScreen.storyboard */; };
		45613D2729EF016B005BF287 /* SocialAuthentication in Frameworks */ = {isa = PBXBuildFile; productRef = 45613D2629EF016B005BF287 /* SocialAuthentication */; };
/* End PBXBuildFile section */

/* Begin PBXContainerItemProxy section */
		4560F19E29EEFD4E0002F341 /* PBXContainerItemProxy */ = {
			isa = PBXContainerItemProxy;
			containerPortal = 4560F18429EEFD4D0002F341 /* Project object */;
			proxyType = 1;
			remoteGlobalIDString = 4560F18B29EEFD4D0002F341;
			remoteInfo = SocialAuthenticationExample;
		};
		4560F1A829EEFD4E0002F341 /* PBXContainerItemProxy */ = {
			isa = PBXContainerItemProxy;
			containerPortal = 4560F18429EEFD4D0002F341 /* Project object */;
			proxyType = 1;
			remoteGlobalIDString = 4560F18B29EEFD4D0002F341;
			remoteInfo = SocialAuthenticationExample;
		};
/* End PBXContainerItemProxy section */

/* Begin PBXFileReference section */
		455B4CC32A09705E0006AED5 /* SocialSignInButtonsView.swift */ = {isa = PBXFileReference; lastKnownFileType = sourcecode.swift; path = SocialSignInButtonsView.swift; sourceTree = "<group>"; };
		455B4CC52A0971940006AED5 /* SocialSignInStatusView.swift */ = {isa = PBXFileReference; lastKnownFileType = sourcecode.swift; path = SocialSignInStatusView.swift; sourceTree = "<group>"; };
		4560F18C29EEFD4D0002F341 /* SocialAuthenticationExample.app */ = {isa = PBXFileReference; explicitFileType = wrapper.application; includeInIndex = 0; path = SocialAuthenticationExample.app; sourceTree = BUILT_PRODUCTS_DIR; };
		4560F19329EEFD4E0002F341 /* Assets.xcassets */ = {isa = PBXFileReference; lastKnownFileType = folder.assetcatalog; path = Assets.xcassets; sourceTree = "<group>"; };
		4560F19529EEFD4E0002F341 /* SocialAuthenticationExample.entitlements */ = {isa = PBXFileReference; lastKnownFileType = text.plist.entitlements; path = SocialAuthenticationExample.entitlements; sourceTree = "<group>"; };
		4560F19729EEFD4E0002F341 /* Preview Assets.xcassets */ = {isa = PBXFileReference; lastKnownFileType = folder.assetcatalog; path = "Preview Assets.xcassets"; sourceTree = "<group>"; };
		4560F19D29EEFD4E0002F341 /* SocialAuthenticationExampleTests.xctest */ = {isa = PBXFileReference; explicitFileType = wrapper.cfbundle; includeInIndex = 0; path = SocialAuthenticationExampleTests.xctest; sourceTree = BUILT_PRODUCTS_DIR; };
		4560F1A129EEFD4E0002F341 /* SocialAuthenticationExampleTests.swift */ = {isa = PBXFileReference; lastKnownFileType = sourcecode.swift; path = SocialAuthenticationExampleTests.swift; sourceTree = "<group>"; };
		4560F1A729EEFD4E0002F341 /* SocialAuthenticationExampleUITests.xctest */ = {isa = PBXFileReference; explicitFileType = wrapper.cfbundle; includeInIndex = 0; path = SocialAuthenticationExampleUITests.xctest; sourceTree = BUILT_PRODUCTS_DIR; };
		4560F1AB29EEFD4E0002F341 /* SocialAuthenticationExampleUITests.swift */ = {isa = PBXFileReference; lastKnownFileType = sourcecode.swift; path = SocialAuthenticationExampleUITests.swift; sourceTree = "<group>"; };
		4560F1AD29EEFD4E0002F341 /* SocialAuthenticationExampleUITestsLaunchTests.swift */ = {isa = PBXFileReference; lastKnownFileType = sourcecode.swift; path = SocialAuthenticationExampleUITestsLaunchTests.swift; sourceTree = "<group>"; };
		45613D1329EEFDD8005BF287 /* AppDelegate.swift */ = {isa = PBXFileReference; fileEncoding = 4; lastKnownFileType = sourcecode.swift; path = AppDelegate.swift; sourceTree = "<group>"; };
		45613D1929EEFEA0005BF287 /* SignInWithSocialView.swift */ = {isa = PBXFileReference; fileEncoding = 4; lastKnownFileType = sourcecode.swift; path = SignInWithSocialView.swift; sourceTree = "<group>"; };
		45613D1B29EEFED5005BF287 /* SignInWithSocialViewModel.swift */ = {isa = PBXFileReference; lastKnownFileType = sourcecode.swift; path = SignInWithSocialViewModel.swift; sourceTree = "<group>"; };
		45613D1D29EEFF9F005BF287 /* Info.plist */ = {isa = PBXFileReference; fileEncoding = 4; lastKnownFileType = text.plist.xml; path = Info.plist; sourceTree = "<group>"; };
		45613D1F29EEFFDE005BF287 /* LaunchScreen.storyboard */ = {isa = PBXFileReference; fileEncoding = 4; lastKnownFileType = file.storyboard; path = LaunchScreen.storyboard; sourceTree = "<group>"; };
		45613D2429EF0147005BF287 /* social-authentication-ios */ = {isa = PBXFileReference; lastKnownFileType = wrapper; name = "social-authentication-ios"; path = ..; sourceTree = "<group>"; };
/* End PBXFileReference section */

/* Begin PBXFrameworksBuildPhase section */
		4560F18929EEFD4D0002F341 /* Frameworks */ = {
			isa = PBXFrameworksBuildPhase;
			buildActionMask = 2147483647;
			files = (
				45613D2729EF016B005BF287 /* SocialAuthentication in Frameworks */,
			);
			runOnlyForDeploymentPostprocessing = 0;
		};
		4560F19A29EEFD4E0002F341 /* Frameworks */ = {
			isa = PBXFrameworksBuildPhase;
			buildActionMask = 2147483647;
			files = (
			);
			runOnlyForDeploymentPostprocessing = 0;
		};
		4560F1A429EEFD4E0002F341 /* Frameworks */ = {
			isa = PBXFrameworksBuildPhase;
			buildActionMask = 2147483647;
			files = (
			);
			runOnlyForDeploymentPostprocessing = 0;
		};
/* End PBXFrameworksBuildPhase section */

/* Begin PBXGroup section */
		455B4CC22A096FD90006AED5 /* Subviews */ = {
			isa = PBXGroup;
			children = (
				455B4CC32A09705E0006AED5 /* SocialSignInButtonsView.swift */,
				455B4CC52A0971940006AED5 /* SocialSignInStatusView.swift */,
			);
			path = Subviews;
			sourceTree = "<group>";
		};
		4560F18329EEFD4D0002F341 = {
			isa = PBXGroup;
			children = (
				45613D2329EF0147005BF287 /* Packages */,
				4560F18E29EEFD4D0002F341 /* SocialAuthenticationExample */,
				4560F1A029EEFD4E0002F341 /* SocialAuthenticationExampleTests */,
				4560F1AA29EEFD4E0002F341 /* SocialAuthenticationExampleUITests */,
				4560F18D29EEFD4D0002F341 /* Products */,
				45613D2529EF016B005BF287 /* Frameworks */,
			);
			sourceTree = "<group>";
		};
		4560F18D29EEFD4D0002F341 /* Products */ = {
			isa = PBXGroup;
			children = (
				4560F18C29EEFD4D0002F341 /* SocialAuthenticationExample.app */,
				4560F19D29EEFD4E0002F341 /* SocialAuthenticationExampleTests.xctest */,
				4560F1A729EEFD4E0002F341 /* SocialAuthenticationExampleUITests.xctest */,
			);
			name = Products;
			sourceTree = "<group>";
		};
		4560F18E29EEFD4D0002F341 /* SocialAuthenticationExample */ = {
			isa = PBXGroup;
			children = (
				4560F19329EEFD4E0002F341 /* Assets.xcassets */,
				45613D1F29EEFFDE005BF287 /* LaunchScreen.storyboard */,
				4560F19529EEFD4E0002F341 /* SocialAuthenticationExample.entitlements */,
				45613D1D29EEFF9F005BF287 /* Info.plist */,
				45613D1229EEFDD8005BF287 /* App */,
				4560F19629EEFD4E0002F341 /* Preview Content */,
			);
			path = SocialAuthenticationExample;
			sourceTree = "<group>";
		};
		4560F19629EEFD4E0002F341 /* Preview Content */ = {
			isa = PBXGroup;
			children = (
				4560F19729EEFD4E0002F341 /* Preview Assets.xcassets */,
			);
			path = "Preview Content";
			sourceTree = "<group>";
		};
		4560F1A029EEFD4E0002F341 /* SocialAuthenticationExampleTests */ = {
			isa = PBXGroup;
			children = (
				4560F1A129EEFD4E0002F341 /* SocialAuthenticationExampleTests.swift */,
			);
			path = SocialAuthenticationExampleTests;
			sourceTree = "<group>";
		};
		4560F1AA29EEFD4E0002F341 /* SocialAuthenticationExampleUITests */ = {
			isa = PBXGroup;
			children = (
				4560F1AB29EEFD4E0002F341 /* SocialAuthenticationExampleUITests.swift */,
				4560F1AD29EEFD4E0002F341 /* SocialAuthenticationExampleUITestsLaunchTests.swift */,
			);
			path = SocialAuthenticationExampleUITests;
			sourceTree = "<group>";
		};
		45613D1229EEFDD8005BF287 /* App */ = {
			isa = PBXGroup;
			children = (
				45613D1329EEFDD8005BF287 /* AppDelegate.swift */,
				45613D1729EEFEA0005BF287 /* Features */,
			);
			path = App;
			sourceTree = "<group>";
		};
		45613D1729EEFEA0005BF287 /* Features */ = {
			isa = PBXGroup;
			children = (
				45613D1829EEFEA0005BF287 /* SignInWithSocial */,
			);
			path = Features;
			sourceTree = "<group>";
		};
		45613D1829EEFEA0005BF287 /* SignInWithSocial */ = {
			isa = PBXGroup;
			children = (
				45613D1929EEFEA0005BF287 /* SignInWithSocialView.swift */,
				45613D1B29EEFED5005BF287 /* SignInWithSocialViewModel.swift */,
				455B4CC22A096FD90006AED5 /* Subviews */,
			);
			path = SignInWithSocial;
			sourceTree = "<group>";
		};
		45613D2329EF0147005BF287 /* Packages */ = {
			isa = PBXGroup;
			children = (
				45613D2429EF0147005BF287 /* social-authentication-ios */,
			);
			name = Packages;
			sourceTree = "<group>";
		};
		45613D2529EF016B005BF287 /* Frameworks */ = {
			isa = PBXGroup;
			children = (
			);
			name = Frameworks;
			sourceTree = "<group>";
		};
/* End PBXGroup section */

/* Begin PBXNativeTarget section */
		4560F18B29EEFD4D0002F341 /* SocialAuthenticationExample */ = {
			isa = PBXNativeTarget;
			buildConfigurationList = 4560F1B129EEFD4E0002F341 /* Build configuration list for PBXNativeTarget "SocialAuthenticationExample" */;
			buildPhases = (
				4560F18829EEFD4D0002F341 /* Sources */,
				4560F18929EEFD4D0002F341 /* Frameworks */,
				4560F18A29EEFD4D0002F341 /* Resources */,
			);
			buildRules = (
			);
			dependencies = (
			);
			name = SocialAuthenticationExample;
			packageProductDependencies = (
				45613D2629EF016B005BF287 /* SocialAuthentication */,
			);
			productName = SocialAuthenticationExample;
			productReference = 4560F18C29EEFD4D0002F341 /* SocialAuthenticationExample.app */;
			productType = "com.apple.product-type.application";
		};
		4560F19C29EEFD4E0002F341 /* SocialAuthenticationExampleTests */ = {
			isa = PBXNativeTarget;
			buildConfigurationList = 4560F1B429EEFD4E0002F341 /* Build configuration list for PBXNativeTarget "SocialAuthenticationExampleTests" */;
			buildPhases = (
				4560F19929EEFD4E0002F341 /* Sources */,
				4560F19A29EEFD4E0002F341 /* Frameworks */,
				4560F19B29EEFD4E0002F341 /* Resources */,
			);
			buildRules = (
			);
			dependencies = (
				4560F19F29EEFD4E0002F341 /* PBXTargetDependency */,
			);
			name = SocialAuthenticationExampleTests;
			productName = SocialAuthenticationExampleTests;
			productReference = 4560F19D29EEFD4E0002F341 /* SocialAuthenticationExampleTests.xctest */;
			productType = "com.apple.product-type.bundle.unit-test";
		};
		4560F1A629EEFD4E0002F341 /* SocialAuthenticationExampleUITests */ = {
			isa = PBXNativeTarget;
			buildConfigurationList = 4560F1B729EEFD4E0002F341 /* Build configuration list for PBXNativeTarget "SocialAuthenticationExampleUITests" */;
			buildPhases = (
				4560F1A329EEFD4E0002F341 /* Sources */,
				4560F1A429EEFD4E0002F341 /* Frameworks */,
				4560F1A529EEFD4E0002F341 /* Resources */,
			);
			buildRules = (
			);
			dependencies = (
				4560F1A929EEFD4E0002F341 /* PBXTargetDependency */,
			);
			name = SocialAuthenticationExampleUITests;
			productName = SocialAuthenticationExampleUITests;
			productReference = 4560F1A729EEFD4E0002F341 /* SocialAuthenticationExampleUITests.xctest */;
			productType = "com.apple.product-type.bundle.ui-testing";
		};
/* End PBXNativeTarget section */

/* Begin PBXProject section */
		4560F18429EEFD4D0002F341 /* Project object */ = {
			isa = PBXProject;
			attributes = {
				BuildIndependentTargetsInParallel = 1;
				LastSwiftUpdateCheck = 1420;
				LastUpgradeCheck = 1420;
				TargetAttributes = {
					4560F18B29EEFD4D0002F341 = {
						CreatedOnToolsVersion = 14.2;
					};
					4560F19C29EEFD4E0002F341 = {
						CreatedOnToolsVersion = 14.2;
						TestTargetID = 4560F18B29EEFD4D0002F341;
					};
					4560F1A629EEFD4E0002F341 = {
						CreatedOnToolsVersion = 14.2;
						TestTargetID = 4560F18B29EEFD4D0002F341;
					};
				};
			};
			buildConfigurationList = 4560F18729EEFD4D0002F341 /* Build configuration list for PBXProject "SocialAuthenticationExample" */;
			compatibilityVersion = "Xcode 14.0";
			developmentRegion = en;
			hasScannedForEncodings = 0;
			knownRegions = (
				en,
				Base,
			);
			mainGroup = 4560F18329EEFD4D0002F341;
			productRefGroup = 4560F18D29EEFD4D0002F341 /* Products */;
			projectDirPath = "";
			projectRoot = "";
			targets = (
				4560F18B29EEFD4D0002F341 /* SocialAuthenticationExample */,
				4560F19C29EEFD4E0002F341 /* SocialAuthenticationExampleTests */,
				4560F1A629EEFD4E0002F341 /* SocialAuthenticationExampleUITests */,
			);
		};
/* End PBXProject section */

/* Begin PBXResourcesBuildPhase section */
		4560F18A29EEFD4D0002F341 /* Resources */ = {
			isa = PBXResourcesBuildPhase;
			buildActionMask = 2147483647;
			files = (
				45613D2029EEFFDE005BF287 /* LaunchScreen.storyboard in Resources */,
				4560F19829EEFD4E0002F341 /* Preview Assets.xcassets in Resources */,
				4560F19429EEFD4E0002F341 /* Assets.xcassets in Resources */,
			);
			runOnlyForDeploymentPostprocessing = 0;
		};
		4560F19B29EEFD4E0002F341 /* Resources */ = {
			isa = PBXResourcesBuildPhase;
			buildActionMask = 2147483647;
			files = (
			);
			runOnlyForDeploymentPostprocessing = 0;
		};
		4560F1A529EEFD4E0002F341 /* Resources */ = {
			isa = PBXResourcesBuildPhase;
			buildActionMask = 2147483647;
			files = (
			);
			runOnlyForDeploymentPostprocessing = 0;
		};
/* End PBXResourcesBuildPhase section */

/* Begin PBXSourcesBuildPhase section */
		4560F18829EEFD4D0002F341 /* Sources */ = {
			isa = PBXSourcesBuildPhase;
			buildActionMask = 2147483647;
			files = (
				45613D1C29EEFED5005BF287 /* SignInWithSocialViewModel.swift in Sources */,
				455B4CC42A09705E0006AED5 /* SocialSignInButtonsView.swift in Sources */,
				45613D1429EEFDD8005BF287 /* AppDelegate.swift in Sources */,
				45613D1A29EEFEA0005BF287 /* SignInWithSocialView.swift in Sources */,
				455B4CC62A0971940006AED5 /* SocialSignInStatusView.swift in Sources */,
			);
			runOnlyForDeploymentPostprocessing = 0;
		};
		4560F19929EEFD4E0002F341 /* Sources */ = {
			isa = PBXSourcesBuildPhase;
			buildActionMask = 2147483647;
			files = (
				4560F1A229EEFD4E0002F341 /* SocialAuthenticationExampleTests.swift in Sources */,
			);
			runOnlyForDeploymentPostprocessing = 0;
		};
		4560F1A329EEFD4E0002F341 /* Sources */ = {
			isa = PBXSourcesBuildPhase;
			buildActionMask = 2147483647;
			files = (
				4560F1AE29EEFD4E0002F341 /* SocialAuthenticationExampleUITestsLaunchTests.swift in Sources */,
				4560F1AC29EEFD4E0002F341 /* SocialAuthenticationExampleUITests.swift in Sources */,
			);
			runOnlyForDeploymentPostprocessing = 0;
		};
/* End PBXSourcesBuildPhase section */

/* Begin PBXTargetDependency section */
		4560F19F29EEFD4E0002F341 /* PBXTargetDependency */ = {
			isa = PBXTargetDependency;
			target = 4560F18B29EEFD4D0002F341 /* SocialAuthenticationExample */;
			targetProxy = 4560F19E29EEFD4E0002F341 /* PBXContainerItemProxy */;
		};
		4560F1A929EEFD4E0002F341 /* PBXTargetDependency */ = {
			isa = PBXTargetDependency;
			target = 4560F18B29EEFD4D0002F341 /* SocialAuthenticationExample */;
			targetProxy = 4560F1A829EEFD4E0002F341 /* PBXContainerItemProxy */;
		};
/* End PBXTargetDependency section */

/* Begin XCBuildConfiguration section */
		4560F1AF29EEFD4E0002F341 /* Debug */ = {
			isa = XCBuildConfiguration;
			buildSettings = {
				ALWAYS_SEARCH_USER_PATHS = NO;
				CLANG_ANALYZER_NONNULL = YES;
				CLANG_ANALYZER_NUMBER_OBJECT_CONVERSION = YES_AGGRESSIVE;
				CLANG_CXX_LANGUAGE_STANDARD = "gnu++20";
				CLANG_ENABLE_MODULES = YES;
				CLANG_ENABLE_OBJC_ARC = YES;
				CLANG_ENABLE_OBJC_WEAK = YES;
				CLANG_WARN_BLOCK_CAPTURE_AUTORELEASING = YES;
				CLANG_WARN_BOOL_CONVERSION = YES;
				CLANG_WARN_COMMA = YES;
				CLANG_WARN_CONSTANT_CONVERSION = YES;
				CLANG_WARN_DEPRECATED_OBJC_IMPLEMENTATIONS = YES;
				CLANG_WARN_DIRECT_OBJC_ISA_USAGE = YES_ERROR;
				CLANG_WARN_DOCUMENTATION_COMMENTS = YES;
				CLANG_WARN_EMPTY_BODY = YES;
				CLANG_WARN_ENUM_CONVERSION = YES;
				CLANG_WARN_INFINITE_RECURSION = YES;
				CLANG_WARN_INT_CONVERSION = YES;
				CLANG_WARN_NON_LITERAL_NULL_CONVERSION = YES;
				CLANG_WARN_OBJC_IMPLICIT_RETAIN_SELF = YES;
				CLANG_WARN_OBJC_LITERAL_CONVERSION = YES;
				CLANG_WARN_OBJC_ROOT_CLASS = YES_ERROR;
				CLANG_WARN_QUOTED_INCLUDE_IN_FRAMEWORK_HEADER = YES;
				CLANG_WARN_RANGE_LOOP_ANALYSIS = YES;
				CLANG_WARN_STRICT_PROTOTYPES = YES;
				CLANG_WARN_SUSPICIOUS_MOVE = YES;
				CLANG_WARN_UNGUARDED_AVAILABILITY = YES_AGGRESSIVE;
				CLANG_WARN_UNREACHABLE_CODE = YES;
				CLANG_WARN__DUPLICATE_METHOD_MATCH = YES;
				COPY_PHASE_STRIP = NO;
				DEBUG_INFORMATION_FORMAT = dwarf;
				ENABLE_STRICT_OBJC_MSGSEND = YES;
				ENABLE_TESTABILITY = YES;
				GCC_C_LANGUAGE_STANDARD = gnu11;
				GCC_DYNAMIC_NO_PIC = NO;
				GCC_NO_COMMON_BLOCKS = YES;
				GCC_OPTIMIZATION_LEVEL = 0;
				GCC_PREPROCESSOR_DEFINITIONS = (
					"DEBUG=1",
					"$(inherited)",
				);
				GCC_WARN_64_TO_32_BIT_CONVERSION = YES;
				GCC_WARN_ABOUT_RETURN_TYPE = YES_ERROR;
				GCC_WARN_UNDECLARED_SELECTOR = YES;
				GCC_WARN_UNINITIALIZED_AUTOS = YES_AGGRESSIVE;
				GCC_WARN_UNUSED_FUNCTION = YES;
				GCC_WARN_UNUSED_VARIABLE = YES;
				MTL_ENABLE_DEBUG_INFO = INCLUDE_SOURCE;
				MTL_FAST_MATH = YES;
				ONLY_ACTIVE_ARCH = YES;
				SWIFT_ACTIVE_COMPILATION_CONDITIONS = DEBUG;
				SWIFT_OPTIMIZATION_LEVEL = "-Onone";
			};
			name = Debug;
		};
		4560F1B029EEFD4E0002F341 /* Release */ = {
			isa = XCBuildConfiguration;
			buildSettings = {
				ALWAYS_SEARCH_USER_PATHS = NO;
				CLANG_ANALYZER_NONNULL = YES;
				CLANG_ANALYZER_NUMBER_OBJECT_CONVERSION = YES_AGGRESSIVE;
				CLANG_CXX_LANGUAGE_STANDARD = "gnu++20";
				CLANG_ENABLE_MODULES = YES;
				CLANG_ENABLE_OBJC_ARC = YES;
				CLANG_ENABLE_OBJC_WEAK = YES;
				CLANG_WARN_BLOCK_CAPTURE_AUTORELEASING = YES;
				CLANG_WARN_BOOL_CONVERSION = YES;
				CLANG_WARN_COMMA = YES;
				CLANG_WARN_CONSTANT_CONVERSION = YES;
				CLANG_WARN_DEPRECATED_OBJC_IMPLEMENTATIONS = YES;
				CLANG_WARN_DIRECT_OBJC_ISA_USAGE = YES_ERROR;
				CLANG_WARN_DOCUMENTATION_COMMENTS = YES;
				CLANG_WARN_EMPTY_BODY = YES;
				CLANG_WARN_ENUM_CONVERSION = YES;
				CLANG_WARN_INFINITE_RECURSION = YES;
				CLANG_WARN_INT_CONVERSION = YES;
				CLANG_WARN_NON_LITERAL_NULL_CONVERSION = YES;
				CLANG_WARN_OBJC_IMPLICIT_RETAIN_SELF = YES;
				CLANG_WARN_OBJC_LITERAL_CONVERSION = YES;
				CLANG_WARN_OBJC_ROOT_CLASS = YES_ERROR;
				CLANG_WARN_QUOTED_INCLUDE_IN_FRAMEWORK_HEADER = YES;
				CLANG_WARN_RANGE_LOOP_ANALYSIS = YES;
				CLANG_WARN_STRICT_PROTOTYPES = YES;
				CLANG_WARN_SUSPICIOUS_MOVE = YES;
				CLANG_WARN_UNGUARDED_AVAILABILITY = YES_AGGRESSIVE;
				CLANG_WARN_UNREACHABLE_CODE = YES;
				CLANG_WARN__DUPLICATE_METHOD_MATCH = YES;
				COPY_PHASE_STRIP = NO;
				DEBUG_INFORMATION_FORMAT = "dwarf-with-dsym";
				ENABLE_NS_ASSERTIONS = NO;
				ENABLE_STRICT_OBJC_MSGSEND = YES;
				GCC_C_LANGUAGE_STANDARD = gnu11;
				GCC_NO_COMMON_BLOCKS = YES;
				GCC_WARN_64_TO_32_BIT_CONVERSION = YES;
				GCC_WARN_ABOUT_RETURN_TYPE = YES_ERROR;
				GCC_WARN_UNDECLARED_SELECTOR = YES;
				GCC_WARN_UNINITIALIZED_AUTOS = YES_AGGRESSIVE;
				GCC_WARN_UNUSED_FUNCTION = YES;
				GCC_WARN_UNUSED_VARIABLE = YES;
				MTL_ENABLE_DEBUG_INFO = NO;
				MTL_FAST_MATH = YES;
				SWIFT_COMPILATION_MODE = wholemodule;
				SWIFT_OPTIMIZATION_LEVEL = "-O";
			};
			name = Release;
		};
		4560F1B229EEFD4E0002F341 /* Debug */ = {
			isa = XCBuildConfiguration;
			buildSettings = {
				ASSETCATALOG_COMPILER_APPICON_NAME = AppIcon;
				ASSETCATALOG_COMPILER_GLOBAL_ACCENT_COLOR_NAME = AccentColor;
				CODE_SIGN_ENTITLEMENTS = SocialAuthenticationExample/SocialAuthenticationExample.entitlements;
				CODE_SIGN_STYLE = Manual;
				CURRENT_PROJECT_VERSION = 1;
				DEVELOPMENT_ASSET_PATHS = "\"SocialAuthenticationExample/Preview Content\"";
				DEVELOPMENT_TEAM = "";
				"DEVELOPMENT_TEAM[sdk=iphoneos*]" = DQ48D9BF2V;
				ENABLE_HARDENED_RUNTIME = YES;
				ENABLE_PREVIEWS = YES;
				GENERATE_INFOPLIST_FILE = YES;
				INFOPLIST_FILE = SocialAuthenticationExample/Info.plist;
				"INFOPLIST_KEY_UIApplicationSupportsIndirectInputEvents[sdk=iphoneos*]" = YES;
				"INFOPLIST_KEY_UIApplicationSupportsIndirectInputEvents[sdk=iphonesimulator*]" = YES;
				"INFOPLIST_KEY_UILaunchScreen_Generation[sdk=iphoneos*]" = YES;
				"INFOPLIST_KEY_UILaunchScreen_Generation[sdk=iphonesimulator*]" = YES;
				INFOPLIST_KEY_UILaunchStoryboardName = LaunchScreen;
				"INFOPLIST_KEY_UIStatusBarStyle[sdk=iphoneos*]" = UIStatusBarStyleDefault;
				"INFOPLIST_KEY_UIStatusBarStyle[sdk=iphonesimulator*]" = UIStatusBarStyleDefault;
				INFOPLIST_KEY_UISupportedInterfaceOrientations = UIInterfaceOrientationPortrait;
				INFOPLIST_KEY_UISupportedInterfaceOrientations_iPad = "UIInterfaceOrientationLandscapeLeft UIInterfaceOrientationLandscapeRight UIInterfaceOrientationPortrait UIInterfaceOrientationPortraitUpsideDown";
				IPHONEOS_DEPLOYMENT_TARGET = 14.0;
				LD_RUNPATH_SEARCH_PATHS = "@executable_path/Frameworks";
				"LD_RUNPATH_SEARCH_PATHS[sdk=macosx*]" = "@executable_path/../Frameworks";
				MACOSX_DEPLOYMENT_TARGET = 13.1;
				MARKETING_VERSION = 1.0;
				PRODUCT_BUNDLE_IDENTIFIER = org.cru.godtools;
				PRODUCT_NAME = "$(TARGET_NAME)";
				PROVISIONING_PROFILE_SPECIFIER = "";
				"PROVISIONING_PROFILE_SPECIFIER[sdk=iphoneos*]" = "GodTools Production";
				SDKROOT = auto;
				SUPPORTED_PLATFORMS = "iphoneos iphonesimulator";
				SUPPORTS_MACCATALYST = NO;
				SUPPORTS_MAC_DESIGNED_FOR_IPHONE_IPAD = NO;
				SWIFT_EMIT_LOC_STRINGS = YES;
				SWIFT_VERSION = 5.0;
				TARGETED_DEVICE_FAMILY = 1;
			};
			name = Debug;
		};
		4560F1B329EEFD4E0002F341 /* Release */ = {
			isa = XCBuildConfiguration;
			buildSettings = {
				ASSETCATALOG_COMPILER_APPICON_NAME = AppIcon;
				ASSETCATALOG_COMPILER_GLOBAL_ACCENT_COLOR_NAME = AccentColor;
				CODE_SIGN_ENTITLEMENTS = SocialAuthenticationExample/SocialAuthenticationExample.entitlements;
				CODE_SIGN_STYLE = Manual;
				CURRENT_PROJECT_VERSION = 1;
				DEVELOPMENT_ASSET_PATHS = "\"SocialAuthenticationExample/Preview Content\"";
				DEVELOPMENT_TEAM = "";
				ENABLE_HARDENED_RUNTIME = YES;
				ENABLE_PREVIEWS = YES;
				GENERATE_INFOPLIST_FILE = YES;
				INFOPLIST_FILE = SocialAuthenticationExample/Info.plist;
				"INFOPLIST_KEY_UIApplicationSupportsIndirectInputEvents[sdk=iphoneos*]" = YES;
				"INFOPLIST_KEY_UIApplicationSupportsIndirectInputEvents[sdk=iphonesimulator*]" = YES;
				"INFOPLIST_KEY_UILaunchScreen_Generation[sdk=iphoneos*]" = YES;
				"INFOPLIST_KEY_UILaunchScreen_Generation[sdk=iphonesimulator*]" = YES;
				INFOPLIST_KEY_UILaunchStoryboardName = LaunchScreen;
				"INFOPLIST_KEY_UIStatusBarStyle[sdk=iphoneos*]" = UIStatusBarStyleDefault;
				"INFOPLIST_KEY_UIStatusBarStyle[sdk=iphonesimulator*]" = UIStatusBarStyleDefault;
				INFOPLIST_KEY_UISupportedInterfaceOrientations = UIInterfaceOrientationPortrait;
				INFOPLIST_KEY_UISupportedInterfaceOrientations_iPad = "UIInterfaceOrientationLandscapeLeft UIInterfaceOrientationLandscapeRight UIInterfaceOrientationPortrait UIInterfaceOrientationPortraitUpsideDown";
				IPHONEOS_DEPLOYMENT_TARGET = 14.0;
				LD_RUNPATH_SEARCH_PATHS = "@executable_path/Frameworks";
				"LD_RUNPATH_SEARCH_PATHS[sdk=macosx*]" = "@executable_path/../Frameworks";
				MACOSX_DEPLOYMENT_TARGET = 13.1;
				MARKETING_VERSION = 1.0;
				PRODUCT_BUNDLE_IDENTIFIER = org.cru.socialauthentication;
				PRODUCT_NAME = "$(TARGET_NAME)";
				PROVISIONING_PROFILE_SPECIFIER = "";
				SDKROOT = auto;
				SUPPORTED_PLATFORMS = "iphoneos iphonesimulator";
				SUPPORTS_MACCATALYST = NO;
				SUPPORTS_MAC_DESIGNED_FOR_IPHONE_IPAD = NO;
				SWIFT_EMIT_LOC_STRINGS = YES;
				SWIFT_VERSION = 5.0;
				TARGETED_DEVICE_FAMILY = 1;
			};
			name = Release;
		};
		4560F1B529EEFD4E0002F341 /* Debug */ = {
			isa = XCBuildConfiguration;
			buildSettings = {
				ALWAYS_EMBED_SWIFT_STANDARD_LIBRARIES = YES;
				BUNDLE_LOADER = "$(TEST_HOST)";
				CODE_SIGN_STYLE = Automatic;
				CURRENT_PROJECT_VERSION = 1;
				DEVELOPMENT_TEAM = 9KUXNXY2SY;
				GENERATE_INFOPLIST_FILE = YES;
				IPHONEOS_DEPLOYMENT_TARGET = 16.2;
				MACOSX_DEPLOYMENT_TARGET = 13.1;
				MARKETING_VERSION = 1.0;
				PRODUCT_BUNDLE_IDENTIFIER = com.levi.SocialAuthenticationExampleTests;
				PRODUCT_NAME = "$(TARGET_NAME)";
				SDKROOT = auto;
				SUPPORTED_PLATFORMS = "iphoneos iphonesimulator macosx";
				SWIFT_EMIT_LOC_STRINGS = NO;
				SWIFT_VERSION = 5.0;
				TARGETED_DEVICE_FAMILY = "1,2";
				TEST_HOST = "$(BUILT_PRODUCTS_DIR)/SocialAuthenticationExample.app/$(BUNDLE_EXECUTABLE_FOLDER_PATH)/SocialAuthenticationExample";
			};
			name = Debug;
		};
		4560F1B629EEFD4E0002F341 /* Release */ = {
			isa = XCBuildConfiguration;
			buildSettings = {
				ALWAYS_EMBED_SWIFT_STANDARD_LIBRARIES = YES;
				BUNDLE_LOADER = "$(TEST_HOST)";
				CODE_SIGN_STYLE = Automatic;
				CURRENT_PROJECT_VERSION = 1;
				DEVELOPMENT_TEAM = 9KUXNXY2SY;
				GENERATE_INFOPLIST_FILE = YES;
				IPHONEOS_DEPLOYMENT_TARGET = 16.2;
				MACOSX_DEPLOYMENT_TARGET = 13.1;
				MARKETING_VERSION = 1.0;
				PRODUCT_BUNDLE_IDENTIFIER = com.levi.SocialAuthenticationExampleTests;
				PRODUCT_NAME = "$(TARGET_NAME)";
				SDKROOT = auto;
				SUPPORTED_PLATFORMS = "iphoneos iphonesimulator macosx";
				SWIFT_EMIT_LOC_STRINGS = NO;
				SWIFT_VERSION = 5.0;
				TARGETED_DEVICE_FAMILY = "1,2";
				TEST_HOST = "$(BUILT_PRODUCTS_DIR)/SocialAuthenticationExample.app/$(BUNDLE_EXECUTABLE_FOLDER_PATH)/SocialAuthenticationExample";
			};
			name = Release;
		};
		4560F1B829EEFD4E0002F341 /* Debug */ = {
			isa = XCBuildConfiguration;
			buildSettings = {
				ALWAYS_EMBED_SWIFT_STANDARD_LIBRARIES = YES;
				CODE_SIGN_STYLE = Automatic;
				CURRENT_PROJECT_VERSION = 1;
				DEVELOPMENT_TEAM = 9KUXNXY2SY;
				GENERATE_INFOPLIST_FILE = YES;
				IPHONEOS_DEPLOYMENT_TARGET = 16.2;
				MACOSX_DEPLOYMENT_TARGET = 13.1;
				MARKETING_VERSION = 1.0;
				PRODUCT_BUNDLE_IDENTIFIER = com.levi.SocialAuthenticationExampleUITests;
				PRODUCT_NAME = "$(TARGET_NAME)";
				SDKROOT = auto;
				SUPPORTED_PLATFORMS = "iphoneos iphonesimulator macosx";
				SWIFT_EMIT_LOC_STRINGS = NO;
				SWIFT_VERSION = 5.0;
				TARGETED_DEVICE_FAMILY = "1,2";
				TEST_TARGET_NAME = SocialAuthenticationExample;
			};
			name = Debug;
		};
		4560F1B929EEFD4E0002F341 /* Release */ = {
			isa = XCBuildConfiguration;
			buildSettings = {
				ALWAYS_EMBED_SWIFT_STANDARD_LIBRARIES = YES;
				CODE_SIGN_STYLE = Automatic;
				CURRENT_PROJECT_VERSION = 1;
				DEVELOPMENT_TEAM = 9KUXNXY2SY;
				GENERATE_INFOPLIST_FILE = YES;
				IPHONEOS_DEPLOYMENT_TARGET = 16.2;
				MACOSX_DEPLOYMENT_TARGET = 13.1;
				MARKETING_VERSION = 1.0;
				PRODUCT_BUNDLE_IDENTIFIER = com.levi.SocialAuthenticationExampleUITests;
				PRODUCT_NAME = "$(TARGET_NAME)";
				SDKROOT = auto;
				SUPPORTED_PLATFORMS = "iphoneos iphonesimulator macosx";
				SWIFT_EMIT_LOC_STRINGS = NO;
				SWIFT_VERSION = 5.0;
				TARGETED_DEVICE_FAMILY = "1,2";
				TEST_TARGET_NAME = SocialAuthenticationExample;
			};
			name = Release;
		};
/* End XCBuildConfiguration section */

/* Begin XCConfigurationList section */
		4560F18729EEFD4D0002F341 /* Build configuration list for PBXProject "SocialAuthenticationExample" */ = {
			isa = XCConfigurationList;
			buildConfigurations = (
				4560F1AF29EEFD4E0002F341 /* Debug */,
				4560F1B029EEFD4E0002F341 /* Release */,
			);
			defaultConfigurationIsVisible = 0;
			defaultConfigurationName = Release;
		};
		4560F1B129EEFD4E0002F341 /* Build configuration list for PBXNativeTarget "SocialAuthenticationExample" */ = {
			isa = XCConfigurationList;
			buildConfigurations = (
				4560F1B229EEFD4E0002F341 /* Debug */,
				4560F1B329EEFD4E0002F341 /* Release */,
			);
			defaultConfigurationIsVisible = 0;
			defaultConfigurationName = Release;
		};
		4560F1B429EEFD4E0002F341 /* Build configuration list for PBXNativeTarget "SocialAuthenticationExampleTests" */ = {
			isa = XCConfigurationList;
			buildConfigurations = (
				4560F1B529EEFD4E0002F341 /* Debug */,
				4560F1B629EEFD4E0002F341 /* Release */,
			);
			defaultConfigurationIsVisible = 0;
			defaultConfigurationName = Release;
		};
		4560F1B729EEFD4E0002F341 /* Build configuration list for PBXNativeTarget "SocialAuthenticationExampleUITests" */ = {
			isa = XCConfigurationList;
			buildConfigurations = (
				4560F1B829EEFD4E0002F341 /* Debug */,
				4560F1B929EEFD4E0002F341 /* Release */,
			);
			defaultConfigurationIsVisible = 0;
			defaultConfigurationName = Release;
		};
/* End XCConfigurationList section */

/* Begin XCSwiftPackageProductDependency section */
		45613D2629EF016B005BF287 /* SocialAuthentication */ = {
			isa = XCSwiftPackageProductDependency;
			productName = SocialAuthentication;
		};
/* End XCSwiftPackageProductDependency section */
	};
	rootObject = 4560F18429EEFD4D0002F341 /* Project object */;
}
